// !$*UTF8*$!
{
	archiveVersion = 1;
	classes = {
	};
	objectVersion = 50;
	objects = {

/* Begin PBXBuildFile section */
		9475D8F6260D2284003E91F5 /* AppDelegate.swift in Sources */ = {isa = PBXBuildFile; fileRef = 9475D8F5260D2284003E91F5 /* AppDelegate.swift */; };
		9475D8F8260D2284003E91F5 /* SceneDelegate.swift in Sources */ = {isa = PBXBuildFile; fileRef = 9475D8F7260D2284003E91F5 /* SceneDelegate.swift */; };
		9475D8FD260D2284003E91F5 /* Main.storyboard in Resources */ = {isa = PBXBuildFile; fileRef = 9475D8FB260D2284003E91F5 /* Main.storyboard */; };
		9475D8FF260D2287003E91F5 /* Assets.xcassets in Resources */ = {isa = PBXBuildFile; fileRef = 9475D8FE260D2287003E91F5 /* Assets.xcassets */; };
		9475D902260D2287003E91F5 /* LaunchScreen.storyboard in Resources */ = {isa = PBXBuildFile; fileRef = 9475D900260D2287003E91F5 /* LaunchScreen.storyboard */; };
		9475D90D260D2287003E91F5 /* UtilityUnitTests.swift in Sources */ = {isa = PBXBuildFile; fileRef = 9475D90C260D2287003E91F5 /* UtilityUnitTests.swift */; };
		9475D918260D2287003E91F5 /* StockDemoUITests.swift in Sources */ = {isa = PBXBuildFile; fileRef = 9475D917260D2287003E91F5 /* StockDemoUITests.swift */; };
		9475D9322610AD1C003E91F5 /* NetworkReachability.swift in Sources */ = {isa = PBXBuildFile; fileRef = 9475D9312610AD1C003E91F5 /* NetworkReachability.swift */; };
		9475D93A2610AD5D003E91F5 /* Utility.swift in Sources */ = {isa = PBXBuildFile; fileRef = 9475D9392610AD5D003E91F5 /* Utility.swift */; };
		9475D9402610B19D003E91F5 /* AppConstants.swift in Sources */ = {isa = PBXBuildFile; fileRef = 9475D93F2610B19D003E91F5 /* AppConstants.swift */; };
		9475D9542610BD62003E91F5 /* IntradayViewController.swift in Sources */ = {isa = PBXBuildFile; fileRef = 9475D9532610BD62003E91F5 /* IntradayViewController.swift */; };
		9475D9592610BD77003E91F5 /* DailyViewController.swift in Sources */ = {isa = PBXBuildFile; fileRef = 9475D9582610BD77003E91F5 /* DailyViewController.swift */; };
		9475D95E2610BD81003E91F5 /* SettingsViewController.swift in Sources */ = {isa = PBXBuildFile; fileRef = 9475D95D2610BD81003E91F5 /* SettingsViewController.swift */; };
/* End PBXBuildFile section */

/* Begin PBXContainerItemProxy section */
		9475D909260D2287003E91F5 /* PBXContainerItemProxy */ = {
			isa = PBXContainerItemProxy;
			containerPortal = 9475D8EA260D2284003E91F5 /* Project object */;
			proxyType = 1;
			remoteGlobalIDString = 9475D8F1260D2284003E91F5;
			remoteInfo = StockDemo;
		};
		9475D914260D2287003E91F5 /* PBXContainerItemProxy */ = {
			isa = PBXContainerItemProxy;
			containerPortal = 9475D8EA260D2284003E91F5 /* Project object */;
			proxyType = 1;
			remoteGlobalIDString = 9475D8F1260D2284003E91F5;
			remoteInfo = StockDemo;
		};
/* End PBXContainerItemProxy section */

/* Begin PBXFileReference section */
		9475D8F2260D2284003E91F5 /* StockDemo.app */ = {isa = PBXFileReference; explicitFileType = wrapper.application; includeInIndex = 0; path = StockDemo.app; sourceTree = BUILT_PRODUCTS_DIR; };
		9475D8F5260D2284003E91F5 /* AppDelegate.swift */ = {isa = PBXFileReference; lastKnownFileType = sourcecode.swift; path = AppDelegate.swift; sourceTree = "<group>"; };
		9475D8F7260D2284003E91F5 /* SceneDelegate.swift */ = {isa = PBXFileReference; lastKnownFileType = sourcecode.swift; path = SceneDelegate.swift; sourceTree = "<group>"; };
		9475D8FC260D2284003E91F5 /* Base */ = {isa = PBXFileReference; lastKnownFileType = file.storyboard; name = Base; path = Base.lproj/Main.storyboard; sourceTree = "<group>"; };
		9475D8FE260D2287003E91F5 /* Assets.xcassets */ = {isa = PBXFileReference; lastKnownFileType = folder.assetcatalog; path = Assets.xcassets; sourceTree = "<group>"; };
		9475D901260D2287003E91F5 /* Base */ = {isa = PBXFileReference; lastKnownFileType = file.storyboard; name = Base; path = Base.lproj/LaunchScreen.storyboard; sourceTree = "<group>"; };
		9475D903260D2287003E91F5 /* Info.plist */ = {isa = PBXFileReference; lastKnownFileType = text.plist.xml; path = Info.plist; sourceTree = "<group>"; };
		9475D908260D2287003E91F5 /* StockDemoTests.xctest */ = {isa = PBXFileReference; explicitFileType = wrapper.cfbundle; includeInIndex = 0; path = StockDemoTests.xctest; sourceTree = BUILT_PRODUCTS_DIR; };
		9475D90C260D2287003E91F5 /* UtilityUnitTests.swift */ = {isa = PBXFileReference; lastKnownFileType = sourcecode.swift; path = UtilityUnitTests.swift; sourceTree = "<group>"; };
		9475D90E260D2287003E91F5 /* Info.plist */ = {isa = PBXFileReference; lastKnownFileType = text.plist.xml; path = Info.plist; sourceTree = "<group>"; };
		9475D913260D2287003E91F5 /* StockDemoUITests.xctest */ = {isa = PBXFileReference; explicitFileType = wrapper.cfbundle; includeInIndex = 0; path = StockDemoUITests.xctest; sourceTree = BUILT_PRODUCTS_DIR; };
		9475D917260D2287003E91F5 /* StockDemoUITests.swift */ = {isa = PBXFileReference; lastKnownFileType = sourcecode.swift; path = StockDemoUITests.swift; sourceTree = "<group>"; };
		9475D919260D2287003E91F5 /* Info.plist */ = {isa = PBXFileReference; lastKnownFileType = text.plist.xml; path = Info.plist; sourceTree = "<group>"; };
		9475D9312610AD1C003E91F5 /* NetworkReachability.swift */ = {isa = PBXFileReference; lastKnownFileType = sourcecode.swift; path = NetworkReachability.swift; sourceTree = "<group>"; };
		9475D9392610AD5D003E91F5 /* Utility.swift */ = {isa = PBXFileReference; lastKnownFileType = sourcecode.swift; path = Utility.swift; sourceTree = "<group>"; };
		9475D93F2610B19D003E91F5 /* AppConstants.swift */ = {isa = PBXFileReference; lastKnownFileType = sourcecode.swift; path = AppConstants.swift; sourceTree = "<group>"; };
		9475D9532610BD62003E91F5 /* IntradayViewController.swift */ = {isa = PBXFileReference; lastKnownFileType = sourcecode.swift; path = IntradayViewController.swift; sourceTree = "<group>"; };
		9475D9582610BD77003E91F5 /* DailyViewController.swift */ = {isa = PBXFileReference; lastKnownFileType = sourcecode.swift; path = DailyViewController.swift; sourceTree = "<group>"; };
		9475D95D2610BD81003E91F5 /* SettingsViewController.swift */ = {isa = PBXFileReference; lastKnownFileType = sourcecode.swift; path = SettingsViewController.swift; sourceTree = "<group>"; };
/* End PBXFileReference section */

/* Begin PBXFrameworksBuildPhase section */
		9475D8EF260D2284003E91F5 /* Frameworks */ = {
			isa = PBXFrameworksBuildPhase;
			buildActionMask = 2147483647;
			files = (
			);
			runOnlyForDeploymentPostprocessing = 0;
		};
		9475D905260D2287003E91F5 /* Frameworks */ = {
			isa = PBXFrameworksBuildPhase;
			buildActionMask = 2147483647;
			files = (
			);
			runOnlyForDeploymentPostprocessing = 0;
		};
		9475D910260D2287003E91F5 /* Frameworks */ = {
			isa = PBXFrameworksBuildPhase;
			buildActionMask = 2147483647;
			files = (
			);
			runOnlyForDeploymentPostprocessing = 0;
		};
/* End PBXFrameworksBuildPhase section */

/* Begin PBXGroup section */
		9475D8E9260D2284003E91F5 = {
			isa = PBXGroup;
			children = (
				9475D8F4260D2284003E91F5 /* StockDemo */,
				9475D90B260D2287003E91F5 /* StockDemoTests */,
				9475D916260D2287003E91F5 /* StockDemoUITests */,
				9475D8F3260D2284003E91F5 /* Products */,
			);
			sourceTree = "<group>";
		};
		9475D8F3260D2284003E91F5 /* Products */ = {
			isa = PBXGroup;
			children = (
				9475D8F2260D2284003E91F5 /* StockDemo.app */,
				9475D908260D2287003E91F5 /* StockDemoTests.xctest */,
				9475D913260D2287003E91F5 /* StockDemoUITests.xctest */,
			);
			name = Products;
			sourceTree = "<group>";
		};
		9475D8F4260D2284003E91F5 /* StockDemo */ = {
			isa = PBXGroup;
			children = (
				9475D9302610ACFD003E91F5 /* Utilities */,
				9475D93E2610B03E003E91F5 /* API */,
				9475D9502610BD0A003E91F5 /* IntradayModule */,
				9475D9512610BD20003E91F5 /* DailyModule */,
				9475D9522610BD34003E91F5 /* SettingsModule */,
				9475D8F5260D2284003E91F5 /* AppDelegate.swift */,
				9475D8F7260D2284003E91F5 /* SceneDelegate.swift */,
				9475D8FB260D2284003E91F5 /* Main.storyboard */,
				9475D8FE260D2287003E91F5 /* Assets.xcassets */,
				9475D900260D2287003E91F5 /* LaunchScreen.storyboard */,
				9475D903260D2287003E91F5 /* Info.plist */,
			);
			path = StockDemo;
			sourceTree = "<group>";
		};
		9475D90B260D2287003E91F5 /* StockDemoTests */ = {
			isa = PBXGroup;
			children = (
				9475D90C260D2287003E91F5 /* UtilityUnitTests.swift */,
				9475D90E260D2287003E91F5 /* Info.plist */,
			);
			path = StockDemoTests;
			sourceTree = "<group>";
		};
		9475D916260D2287003E91F5 /* StockDemoUITests */ = {
			isa = PBXGroup;
			children = (
				9475D917260D2287003E91F5 /* StockDemoUITests.swift */,
				9475D919260D2287003E91F5 /* Info.plist */,
			);
			path = StockDemoUITests;
			sourceTree = "<group>";
		};
		9475D9302610ACFD003E91F5 /* Utilities */ = {
			isa = PBXGroup;
			children = (
				9475D9312610AD1C003E91F5 /* NetworkReachability.swift */,
				9475D9392610AD5D003E91F5 /* Utility.swift */,
			);
			path = Utilities;
			sourceTree = "<group>";
		};
		9475D93E2610B03E003E91F5 /* API */ = {
			isa = PBXGroup;
			children = (
				9475D93F2610B19D003E91F5 /* AppConstants.swift */,
			);
			path = API;
			sourceTree = "<group>";
		};
		9475D9502610BD0A003E91F5 /* IntradayModule */ = {
			isa = PBXGroup;
			children = (
				9475D9532610BD62003E91F5 /* IntradayViewController.swift */,
			);
			path = IntradayModule;
			sourceTree = "<group>";
		};
		9475D9512610BD20003E91F5 /* DailyModule */ = {
			isa = PBXGroup;
			children = (
				9475D9582610BD77003E91F5 /* DailyViewController.swift */,
			);
			path = DailyModule;
			sourceTree = "<group>";
		};
		9475D9522610BD34003E91F5 /* SettingsModule */ = {
			isa = PBXGroup;
			children = (
				9475D95D2610BD81003E91F5 /* SettingsViewController.swift */,
			);
			path = SettingsModule;
			sourceTree = "<group>";
		};
/* End PBXGroup section */

/* Begin PBXNativeTarget section */
		9475D8F1260D2284003E91F5 /* StockDemo */ = {
			isa = PBXNativeTarget;
			buildConfigurationList = 9475D91C260D2287003E91F5 /* Build configuration list for PBXNativeTarget "StockDemo" */;
			buildPhases = (
				9475D8EE260D2284003E91F5 /* Sources */,
				9475D8EF260D2284003E91F5 /* Frameworks */,
				9475D8F0260D2284003E91F5 /* Resources */,
			);
			buildRules = (
			);
			dependencies = (
			);
			name = StockDemo;
			productName = StockDemo;
			productReference = 9475D8F2260D2284003E91F5 /* StockDemo.app */;
			productType = "com.apple.product-type.application";
		};
		9475D907260D2287003E91F5 /* StockDemoTests */ = {
			isa = PBXNativeTarget;
			buildConfigurationList = 9475D91F260D2287003E91F5 /* Build configuration list for PBXNativeTarget "StockDemoTests" */;
			buildPhases = (
				9475D904260D2287003E91F5 /* Sources */,
				9475D905260D2287003E91F5 /* Frameworks */,
				9475D906260D2287003E91F5 /* Resources */,
			);
			buildRules = (
			);
			dependencies = (
				9475D90A260D2287003E91F5 /* PBXTargetDependency */,
			);
			name = StockDemoTests;
			productName = StockDemoTests;
			productReference = 9475D908260D2287003E91F5 /* StockDemoTests.xctest */;
			productType = "com.apple.product-type.bundle.unit-test";
		};
		9475D912260D2287003E91F5 /* StockDemoUITests */ = {
			isa = PBXNativeTarget;
			buildConfigurationList = 9475D922260D2287003E91F5 /* Build configuration list for PBXNativeTarget "StockDemoUITests" */;
			buildPhases = (
				9475D90F260D2287003E91F5 /* Sources */,
				9475D910260D2287003E91F5 /* Frameworks */,
				9475D911260D2287003E91F5 /* Resources */,
			);
			buildRules = (
			);
			dependencies = (
				9475D915260D2287003E91F5 /* PBXTargetDependency */,
			);
			name = StockDemoUITests;
			productName = StockDemoUITests;
			productReference = 9475D913260D2287003E91F5 /* StockDemoUITests.xctest */;
			productType = "com.apple.product-type.bundle.ui-testing";
		};
/* End PBXNativeTarget section */

/* Begin PBXProject section */
		9475D8EA260D2284003E91F5 /* Project object */ = {
			isa = PBXProject;
			attributes = {
				LastSwiftUpdateCheck = 1210;
				LastUpgradeCheck = 1210;
				TargetAttributes = {
					9475D8F1260D2284003E91F5 = {
						CreatedOnToolsVersion = 12.1;
					};
					9475D907260D2287003E91F5 = {
						CreatedOnToolsVersion = 12.1;
						TestTargetID = 9475D8F1260D2284003E91F5;
					};
					9475D912260D2287003E91F5 = {
						CreatedOnToolsVersion = 12.1;
						TestTargetID = 9475D8F1260D2284003E91F5;
					};
				};
			};
			buildConfigurationList = 9475D8ED260D2284003E91F5 /* Build configuration list for PBXProject "StockDemo" */;
			compatibilityVersion = "Xcode 9.3";
			developmentRegion = en;
			hasScannedForEncodings = 0;
			knownRegions = (
				en,
				Base,
			);
			mainGroup = 9475D8E9260D2284003E91F5;
			productRefGroup = 9475D8F3260D2284003E91F5 /* Products */;
			projectDirPath = "";
			projectRoot = "";
			targets = (
				9475D8F1260D2284003E91F5 /* StockDemo */,
				9475D907260D2287003E91F5 /* StockDemoTests */,
				9475D912260D2287003E91F5 /* StockDemoUITests */,
			);
		};
/* End PBXProject section */

/* Begin PBXResourcesBuildPhase section */
		9475D8F0260D2284003E91F5 /* Resources */ = {
			isa = PBXResourcesBuildPhase;
			buildActionMask = 2147483647;
			files = (
				9475D902260D2287003E91F5 /* LaunchScreen.storyboard in Resources */,
				9475D8FF260D2287003E91F5 /* Assets.xcassets in Resources */,
				9475D8FD260D2284003E91F5 /* Main.storyboard in Resources */,
			);
			runOnlyForDeploymentPostprocessing = 0;
		};
		9475D906260D2287003E91F5 /* Resources */ = {
			isa = PBXResourcesBuildPhase;
			buildActionMask = 2147483647;
			files = (
			);
			runOnlyForDeploymentPostprocessing = 0;
		};
		9475D911260D2287003E91F5 /* Resources */ = {
			isa = PBXResourcesBuildPhase;
			buildActionMask = 2147483647;
			files = (
			);
			runOnlyForDeploymentPostprocessing = 0;
		};
/* End PBXResourcesBuildPhase section */

/* Begin PBXSourcesBuildPhase section */
		9475D8EE260D2284003E91F5 /* Sources */ = {
			isa = PBXSourcesBuildPhase;
			buildActionMask = 2147483647;
			files = (
				9475D9592610BD77003E91F5 /* DailyViewController.swift in Sources */,
				9475D9542610BD62003E91F5 /* IntradayViewController.swift in Sources */,
				9475D93A2610AD5D003E91F5 /* Utility.swift in Sources */,
				9475D9402610B19D003E91F5 /* AppConstants.swift in Sources */,
				9475D8F6260D2284003E91F5 /* AppDelegate.swift in Sources */,
				9475D8F8260D2284003E91F5 /* SceneDelegate.swift in Sources */,
				9475D9322610AD1C003E91F5 /* NetworkReachability.swift in Sources */,
				9475D95E2610BD81003E91F5 /* SettingsViewController.swift in Sources */,
			);
			runOnlyForDeploymentPostprocessing = 0;
		};
		9475D904260D2287003E91F5 /* Sources */ = {
			isa = PBXSourcesBuildPhase;
			buildActionMask = 2147483647;
			files = (
				9475D90D260D2287003E91F5 /* UtilityUnitTests.swift in Sources */,
			);
			runOnlyForDeploymentPostprocessing = 0;
		};
		9475D90F260D2287003E91F5 /* Sources */ = {
			isa = PBXSourcesBuildPhase;
			buildActionMask = 2147483647;
			files = (
				9475D918260D2287003E91F5 /* StockDemoUITests.swift in Sources */,
			);
			runOnlyForDeploymentPostprocessing = 0;
		};
/* End PBXSourcesBuildPhase section */

/* Begin PBXTargetDependency section */
		9475D90A260D2287003E91F5 /* PBXTargetDependency */ = {
			isa = PBXTargetDependency;
			target = 9475D8F1260D2284003E91F5 /* StockDemo */;
			targetProxy = 9475D909260D2287003E91F5 /* PBXContainerItemProxy */;
		};
		9475D915260D2287003E91F5 /* PBXTargetDependency */ = {
			isa = PBXTargetDependency;
			target = 9475D8F1260D2284003E91F5 /* StockDemo */;
			targetProxy = 9475D914260D2287003E91F5 /* PBXContainerItemProxy */;
		};
/* End PBXTargetDependency section */

/* Begin PBXVariantGroup section */
		9475D8FB260D2284003E91F5 /* Main.storyboard */ = {
			isa = PBXVariantGroup;
			children = (
				9475D8FC260D2284003E91F5 /* Base */,
			);
			name = Main.storyboard;
			sourceTree = "<group>";
		};
		9475D900260D2287003E91F5 /* LaunchScreen.storyboard */ = {
			isa = PBXVariantGroup;
			children = (
				9475D901260D2287003E91F5 /* Base */,
			);
			name = LaunchScreen.storyboard;
			sourceTree = "<group>";
		};
/* End PBXVariantGroup section */

/* Begin XCBuildConfiguration section */
		9475D91A260D2287003E91F5 /* Debug */ = {
			isa = XCBuildConfiguration;
			buildSettings = {
				ALWAYS_SEARCH_USER_PATHS = NO;
				CLANG_ANALYZER_NONNULL = YES;
				CLANG_ANALYZER_NUMBER_OBJECT_CONVERSION = YES_AGGRESSIVE;
				CLANG_CXX_LANGUAGE_STANDARD = "gnu++14";
				CLANG_CXX_LIBRARY = "libc++";
				CLANG_ENABLE_MODULES = YES;
				CLANG_ENABLE_OBJC_ARC = YES;
				CLANG_ENABLE_OBJC_WEAK = YES;
				CLANG_WARN_BLOCK_CAPTURE_AUTORELEASING = YES;
				CLANG_WARN_BOOL_CONVERSION = YES;
				CLANG_WARN_COMMA = YES;
				CLANG_WARN_CONSTANT_CONVERSION = YES;
				CLANG_WARN_DEPRECATED_OBJC_IMPLEMENTATIONS = YES;
				CLANG_WARN_DIRECT_OBJC_ISA_USAGE = YES_ERROR;
				CLANG_WARN_DOCUMENTATION_COMMENTS = YES;
				CLANG_WARN_EMPTY_BODY = YES;
				CLANG_WARN_ENUM_CONVERSION = YES;
				CLANG_WARN_INFINITE_RECURSION = YES;
				CLANG_WARN_INT_CONVERSION = YES;
				CLANG_WARN_NON_LITERAL_NULL_CONVERSION = YES;
				CLANG_WARN_OBJC_IMPLICIT_RETAIN_SELF = YES;
				CLANG_WARN_OBJC_LITERAL_CONVERSION = YES;
				CLANG_WARN_OBJC_ROOT_CLASS = YES_ERROR;
				CLANG_WARN_QUOTED_INCLUDE_IN_FRAMEWORK_HEADER = YES;
				CLANG_WARN_RANGE_LOOP_ANALYSIS = YES;
				CLANG_WARN_STRICT_PROTOTYPES = YES;
				CLANG_WARN_SUSPICIOUS_MOVE = YES;
				CLANG_WARN_UNGUARDED_AVAILABILITY = YES_AGGRESSIVE;
				CLANG_WARN_UNREACHABLE_CODE = YES;
				CLANG_WARN__DUPLICATE_METHOD_MATCH = YES;
				COPY_PHASE_STRIP = NO;
				DEBUG_INFORMATION_FORMAT = dwarf;
				ENABLE_STRICT_OBJC_MSGSEND = YES;
				ENABLE_TESTABILITY = YES;
				GCC_C_LANGUAGE_STANDARD = gnu11;
				GCC_DYNAMIC_NO_PIC = NO;
				GCC_NO_COMMON_BLOCKS = YES;
				GCC_OPTIMIZATION_LEVEL = 0;
				GCC_PREPROCESSOR_DEFINITIONS = (
					"DEBUG=1",
					"$(inherited)",
				);
				GCC_WARN_64_TO_32_BIT_CONVERSION = YES;
				GCC_WARN_ABOUT_RETURN_TYPE = YES_ERROR;
				GCC_WARN_UNDECLARED_SELECTOR = YES;
				GCC_WARN_UNINITIALIZED_AUTOS = YES_AGGRESSIVE;
				GCC_WARN_UNUSED_FUNCTION = YES;
				GCC_WARN_UNUSED_VARIABLE = YES;
				IPHONEOS_DEPLOYMENT_TARGET = 14.1;
				MTL_ENABLE_DEBUG_INFO = INCLUDE_SOURCE;
				MTL_FAST_MATH = YES;
				ONLY_ACTIVE_ARCH = YES;
				SDKROOT = iphoneos;
				SWIFT_ACTIVE_COMPILATION_CONDITIONS = DEBUG;
				SWIFT_OPTIMIZATION_LEVEL = "-Onone";
			};
			name = Debug;
		};
		9475D91B260D2287003E91F5 /* Release */ = {
			isa = XCBuildConfiguration;
			buildSettings = {
				ALWAYS_SEARCH_USER_PATHS = NO;
				CLANG_ANALYZER_NONNULL = YES;
				CLANG_ANALYZER_NUMBER_OBJECT_CONVERSION = YES_AGGRESSIVE;
				CLANG_CXX_LANGUAGE_STANDARD = "gnu++14";
				CLANG_CXX_LIBRARY = "libc++";
				CLANG_ENABLE_MODULES = YES;
				CLANG_ENABLE_OBJC_ARC = YES;
				CLANG_ENABLE_OBJC_WEAK = YES;
				CLANG_WARN_BLOCK_CAPTURE_AUTORELEASING = YES;
				CLANG_WARN_BOOL_CONVERSION = YES;
				CLANG_WARN_COMMA = YES;
				CLANG_WARN_CONSTANT_CONVERSION = YES;
				CLANG_WARN_DEPRECATED_OBJC_IMPLEMENTATIONS = YES;
				CLANG_WARN_DIRECT_OBJC_ISA_USAGE = YES_ERROR;
				CLANG_WARN_DOCUMENTATION_COMMENTS = YES;
				CLANG_WARN_EMPTY_BODY = YES;
				CLANG_WARN_ENUM_CONVERSION = YES;
				CLANG_WARN_INFINITE_RECURSION = YES;
				CLANG_WARN_INT_CONVERSION = YES;
				CLANG_WARN_NON_LITERAL_NULL_CONVERSION = YES;
				CLANG_WARN_OBJC_IMPLICIT_RETAIN_SELF = YES;
				CLANG_WARN_OBJC_LITERAL_CONVERSION = YES;
				CLANG_WARN_OBJC_ROOT_CLASS = YES_ERROR;
				CLANG_WARN_QUOTED_INCLUDE_IN_FRAMEWORK_HEADER = YES;
				CLANG_WARN_RANGE_LOOP_ANALYSIS = YES;
				CLANG_WARN_STRICT_PROTOTYPES = YES;
				CLANG_WARN_SUSPICIOUS_MOVE = YES;
				CLANG_WARN_UNGUARDED_AVAILABILITY = YES_AGGRESSIVE;
				CLANG_WARN_UNREACHABLE_CODE = YES;
				CLANG_WARN__DUPLICATE_METHOD_MATCH = YES;
				COPY_PHASE_STRIP = NO;
				DEBUG_INFORMATION_FORMAT = "dwarf-with-dsym";
				ENABLE_NS_ASSERTIONS = NO;
				ENABLE_STRICT_OBJC_MSGSEND = YES;
				GCC_C_LANGUAGE_STANDARD = gnu11;
				GCC_NO_COMMON_BLOCKS = YES;
				GCC_WARN_64_TO_32_BIT_CONVERSION = YES;
				GCC_WARN_ABOUT_RETURN_TYPE = YES_ERROR;
				GCC_WARN_UNDECLARED_SELECTOR = YES;
				GCC_WARN_UNINITIALIZED_AUTOS = YES_AGGRESSIVE;
				GCC_WARN_UNUSED_FUNCTION = YES;
				GCC_WARN_UNUSED_VARIABLE = YES;
				IPHONEOS_DEPLOYMENT_TARGET = 14.1;
				MTL_ENABLE_DEBUG_INFO = NO;
				MTL_FAST_MATH = YES;
				SDKROOT = iphoneos;
				SWIFT_COMPILATION_MODE = wholemodule;
				SWIFT_OPTIMIZATION_LEVEL = "-O";
				VALIDATE_PRODUCT = YES;
			};
			name = Release;
		};
		9475D91D260D2287003E91F5 /* Debug */ = {
			isa = XCBuildConfiguration;
			buildSettings = {
				ASSETCATALOG_COMPILER_APPICON_NAME = AppIcon;
				ASSETCATALOG_COMPILER_GLOBAL_ACCENT_COLOR_NAME = AccentColor;
				CODE_SIGN_STYLE = Automatic;
				DEVELOPMENT_TEAM = CT8435BHPN;
				INFOPLIST_FILE = StockDemo/Info.plist;
				LD_RUNPATH_SEARCH_PATHS = (
					"$(inherited)",
					"@executable_path/Frameworks",
				);
				PRODUCT_BUNDLE_IDENTIFIER = com.me.StockDemo;
				PRODUCT_NAME = "$(TARGET_NAME)";
				SWIFT_VERSION = 5.0;
				TARGETED_DEVICE_FAMILY = 1;
			};
			name = Debug;
		};
		9475D91E260D2287003E91F5 /* Release */ = {
			isa = XCBuildConfiguration;
			buildSettings = {
				ASSETCATALOG_COMPILER_APPICON_NAME = AppIcon;
				ASSETCATALOG_COMPILER_GLOBAL_ACCENT_COLOR_NAME = AccentColor;
				CODE_SIGN_STYLE = Automatic;
				DEVELOPMENT_TEAM = CT8435BHPN;
				INFOPLIST_FILE = StockDemo/Info.plist;
				LD_RUNPATH_SEARCH_PATHS = (
					"$(inherited)",
					"@executable_path/Frameworks",
				);
				PRODUCT_BUNDLE_IDENTIFIER = com.me.StockDemo;
				PRODUCT_NAME = "$(TARGET_NAME)";
				SWIFT_VERSION = 5.0;
				TARGETED_DEVICE_FAMILY = 1;
			};
			name = Release;
		};
		9475D920260D2287003E91F5 /* Debug */ = {
			isa = XCBuildConfiguration;
			buildSettings = {
				ALWAYS_EMBED_SWIFT_STANDARD_LIBRARIES = YES;
				BUNDLE_LOADER = "$(TEST_HOST)";
				CODE_SIGN_STYLE = Automatic;
				DEVELOPMENT_TEAM = CT8435BHPN;
				INFOPLIST_FILE = StockDemoTests/Info.plist;
				IPHONEOS_DEPLOYMENT_TARGET = 14.1;
				LD_RUNPATH_SEARCH_PATHS = (
					"$(inherited)",
					"@executable_path/Frameworks",
					"@loader_path/Frameworks",
				);
				PRODUCT_BUNDLE_IDENTIFIER = com.me.StockDemoTests;
				PRODUCT_NAME = "$(TARGET_NAME)";
				SWIFT_VERSION = 5.0;
				TARGETED_DEVICE_FAMILY = "1,2";
				TEST_HOST = "$(BUILT_PRODUCTS_DIR)/StockDemo.app/StockDemo";
			};
			name = Debug;
		};
		9475D921260D2287003E91F5 /* Release */ = {
			isa = XCBuildConfiguration;
			buildSettings = {
				ALWAYS_EMBED_SWIFT_STANDARD_LIBRARIES = YES;
				BUNDLE_LOADER = "$(TEST_HOST)";
				CODE_SIGN_STYLE = Automatic;
				DEVELOPMENT_TEAM = CT8435BHPN;
				INFOPLIST_FILE = StockDemoTests/Info.plist;
				IPHONEOS_DEPLOYMENT_TARGET = 14.1;
				LD_RUNPATH_SEARCH_PATHS = (
					"$(inherited)",
					"@executable_path/Frameworks",
					"@loader_path/Frameworks",
				);
				PRODUCT_BUNDLE_IDENTIFIER = com.me.StockDemoTests;
				PRODUCT_NAME = "$(TARGET_NAME)";
				SWIFT_VERSION = 5.0;
				TARGETED_DEVICE_FAMILY = "1,2";
				TEST_HOST = "$(BUILT_PRODUCTS_DIR)/StockDemo.app/StockDemo";
			};
			name = Release;
		};
		9475D923260D2287003E91F5 /* Debug */ = {
			isa = XCBuildConfiguration;
			buildSettings = {
				ALWAYS_EMBED_SWIFT_STANDARD_LIBRARIES = YES;
				CODE_SIGN_STYLE = Automatic;
				DEVELOPMENT_TEAM = CT8435BHPN;
				INFOPLIST_FILE = StockDemoUITests/Info.plist;
				LD_RUNPATH_SEARCH_PATHS = (
					"$(inherited)",
					"@executable_path/Frameworks",
					"@loader_path/Frameworks",
				);
				PRODUCT_BUNDLE_IDENTIFIER = com.me.StockDemoUITests;
				PRODUCT_NAME = "$(TARGET_NAME)";
				SWIFT_VERSION = 5.0;
				TARGETED_DEVICE_FAMILY = "1,2";
				TEST_TARGET_NAME = StockDemo;
			};
			name = Debug;
		};
		9475D924260D2287003E91F5 /* Release */ = {
			isa = XCBuildConfiguration;
			buildSettings = {
				ALWAYS_EMBED_SWIFT_STANDARD_LIBRARIES = YES;
				CODE_SIGN_STYLE = Automatic;
				DEVELOPMENT_TEAM = CT8435BHPN;
				INFOPLIST_FILE = StockDemoUITests/Info.plist;
				LD_RUNPATH_SEARCH_PATHS = (
					"$(inherited)",
					"@executable_path/Frameworks",
					"@loader_path/Frameworks",
				);
				PRODUCT_BUNDLE_IDENTIFIER = com.me.StockDemoUITests;
				PRODUCT_NAME = "$(TARGET_NAME)";
				SWIFT_VERSION = 5.0;
				TARGETED_DEVICE_FAMILY = "1,2";
				TEST_TARGET_NAME = StockDemo;
			};
			name = Release;
		};
/* End XCBuildConfiguration section */

/* Begin XCConfigurationList section */
		9475D8ED260D2284003E91F5 /* Build configuration list for PBXProject "StockDemo" */ = {
			isa = XCConfigurationList;
			buildConfigurations = (
				9475D91A260D2287003E91F5 /* Debug */,
				9475D91B260D2287003E91F5 /* Release */,
			);
			defaultConfigurationIsVisible = 0;
			defaultConfigurationName = Release;
		};
		9475D91C260D2287003E91F5 /* Build configuration list for PBXNativeTarget "StockDemo" */ = {
			isa = XCConfigurationList;
			buildConfigurations = (
				9475D91D260D2287003E91F5 /* Debug */,
				9475D91E260D2287003E91F5 /* Release */,
			);
			defaultConfigurationIsVisible = 0;
			defaultConfigurationName = Release;
		};
		9475D91F260D2287003E91F5 /* Build configuration list for PBXNativeTarget "StockDemoTests" */ = {
			isa = XCConfigurationList;
			buildConfigurations = (
				9475D920260D2287003E91F5 /* Debug */,
				9475D921260D2287003E91F5 /* Release */,
			);
			defaultConfigurationIsVisible = 0;
			defaultConfigurationName = Release;
		};
		9475D922260D2287003E91F5 /* Build configuration list for PBXNativeTarget "StockDemoUITests" */ = {
			isa = XCConfigurationList;
			buildConfigurations = (
				9475D923260D2287003E91F5 /* Debug */,
				9475D924260D2287003E91F5 /* Release */,
			);
			defaultConfigurationIsVisible = 0;
			defaultConfigurationName = Release;
		};
/* End XCConfigurationList section */
	};
	rootObject = 9475D8EA260D2284003E91F5 /* Project object */;
}
